
Microsoft Visual Studio Solution File, Format Version 12.00
# Visual Studio Version 16
VisualStudioVersion = 16.0.31112.23
MinimumVisualStudioVersion = 10.0.40219.1
Project("{2150E333-8FDC-42A3-9474-1A3956D46DE8}") = "Chapter02", "Chapter02", "{3F626749-ADEE-4DE6-A98E-4945FBC9B573}"
EndProject
Project("{FAE04EC0-301F-11D3-BF4B-00C04F79EFBC}") = "DistanceConverter", "DistanceConverter\DistanceConverter.csproj", "{54FFA2B5-3D9D-4CEE-8F9A-0918867F7ACE}"
EndProject
Project("{FAE04EC0-301F-11D3-BF4B-00C04F79EFBC}") = "SalesCalculator", "SalesCalculator\SalesCalculator.csproj", "{8AFAA0B6-A650-4E13-96B5-089F7F867C65}"
EndProject
Project("{FAE04EC0-301F-11D3-BF4B-00C04F79EFBC}") = "Exercise1", "Exercise1\Exercise1.csproj", "{80D2B03C-1793-4F20-A911-BFB4877078B8}"
EndProject
Project("{2150E333-8FDC-42A3-9474-1A3956D46DE8}") = "Exercise", "Exercise", "{A28E6868-DD0A-424E-8218-B1EE5A786C48}"
EndProject
Project("{FAE04EC0-301F-11D3-BF4B-00C04F79EFBC}") = "Exercise2", "Exercise2\Exercise2.csproj", "{9D04CCF0-350A-40A3-BE05-7567A90077EE}"
EndProject
Project("{FAE04EC0-301F-11D3-BF4B-00C04F79EFBC}") = "Exercise3", "Exercise3\Exercise3.csproj", "{18EBEA62-2E4C-4DED-B99E-22230123FA19}"
EndProject
Project("{2150E333-8FDC-42A3-9474-1A3956D46DE8}") = "Chapter03", "Chapter03", "{C73DA4BC-0C8D-4152-B3F1-631DF612D04F}"
EndProject
Project("{FAE04EC0-301F-11D3-BF4B-00C04F79EFBC}") = "Section01", "Section01\Section01.csproj", "{0ADBAE73-5EB2-4581-97D2-C901B607855A}"
EndProject
Project("{FAE04EC0-301F-11D3-BF4B-00C04F79EFBC}") = "Section01", "Chapter04\Section01\Section01.csproj", "{AEBE00D3-7D39-40B6-8CB8-804A21875A2C}"
EndProject
Project("{2150E333-8FDC-42A3-9474-1A3956D46DE8}") = "Chapter04", "Chapter04", "{FF271499-FFBD-4825-AA70-AD2B5DA62CD1}"
EndProject
Global
	GlobalSection(SolutionConfigurationPlatforms) = preSolution
		Debug|Any CPU = Debug|Any CPU
		Release|Any CPU = Release|Any CPU
	EndGlobalSection
	GlobalSection(ProjectConfigurationPlatforms) = postSolution
		{54FFA2B5-3D9D-4CEE-8F9A-0918867F7ACE}.Debug|Any CPU.ActiveCfg = Debug|Any CPU
		{54FFA2B5-3D9D-4CEE-8F9A-0918867F7ACE}.Debug|Any CPU.Build.0 = Debug|Any CPU
		{54FFA2B5-3D9D-4CEE-8F9A-0918867F7ACE}.Release|Any CPU.ActiveCfg = Release|Any CPU
		{54FFA2B5-3D9D-4CEE-8F9A-0918867F7ACE}.Release|Any CPU.Build.0 = Release|Any CPU
		{8AFAA0B6-A650-4E13-96B5-089F7F867C65}.Debug|Any CPU.ActiveCfg = Debug|Any CPU
		{8AFAA0B6-A650-4E13-96B5-089F7F867C65}.Debug|Any CPU.Build.0 = Debug|Any CPU
		{8AFAA0B6-A650-4E13-96B5-089F7F867C65}.Release|Any CPU.ActiveCfg = Release|Any CPU
		{8AFAA0B6-A650-4E13-96B5-089F7F867C65}.Release|Any CPU.Build.0 = Release|Any CPU
		{80D2B03C-1793-4F20-A911-BFB4877078B8}.Debug|Any CPU.ActiveCfg = Debug|Any CPU
		{80D2B03C-1793-4F20-A911-BFB4877078B8}.Debug|Any CPU.Build.0 = Debug|Any CPU
		{80D2B03C-1793-4F20-A911-BFB4877078B8}.Release|Any CPU.ActiveCfg = Release|Any CPU
		{80D2B03C-1793-4F20-A911-BFB4877078B8}.Release|Any CPU.Build.0 = Release|Any CPU
		{9D04CCF0-350A-40A3-BE05-7567A90077EE}.Debug|Any CPU.ActiveCfg = Debug|Any CPU
		{9D04CCF0-350A-40A3-BE05-7567A90077EE}.Debug|Any CPU.Build.0 = Debug|Any CPU
		{9D04CCF0-350A-40A3-BE05-7567A90077EE}.Release|Any CPU.ActiveCfg = Release|Any CPU
		{9D04CCF0-350A-40A3-BE05-7567A90077EE}.Release|Any CPU.Build.0 = Release|Any CPU
		{18EBEA62-2E4C-4DED-B99E-22230123FA19}.Debug|Any CPU.ActiveCfg = Debug|Any CPU
		{18EBEA62-2E4C-4DED-B99E-22230123FA19}.Debug|Any CPU.Build.0 = Debug|Any CPU
		{18EBEA62-2E4C-4DED-B99E-22230123FA19}.Release|Any CPU.ActiveCfg = Release|Any CPU
		{18EBEA62-2E4C-4DED-B99E-22230123FA19}.Release|Any CPU.Build.0 = Release|Any CPU
		{0ADBAE73-5EB2-4581-97D2-C901B607855A}.Debug|Any CPU.ActiveCfg = Debug|Any CPU
		{0ADBAE73-5EB2-4581-97D2-C901B607855A}.Debug|Any CPU.Build.0 = Debug|Any CPU
		{0ADBAE73-5EB2-4581-97D2-C901B607855A}.Release|Any CPU.ActiveCfg = Release|Any CPU
		{0ADBAE73-5EB2-4581-97D2-C901B607855A}.Release|Any CPU.Build.0 = Release|Any CPU
		{AEBE00D3-7D39-40B6-8CB8-804A21875A2C}.Debug|Any CPU.ActiveCfg = Debug|Any CPU
		{AEBE00D3-7D39-40B6-8CB8-804A21875A2C}.Debug|Any CPU.Build.0 = Debug|Any CPU
		{AEBE00D3-7D39-40B6-8CB8-804A21875A2C}.Release|Any CPU.ActiveCfg = Release|Any CPU
		{AEBE00D3-7D39-40B6-8CB8-804A21875A2C}.Release|Any CPU.Build.0 = Release|Any CPU
	EndGlobalSection
	GlobalSection(SolutionProperties) = preSolution
		HideSolutionNode = FALSE
	EndGlobalSection
	GlobalSection(NestedProjects) = preSolution
		{54FFA2B5-3D9D-4CEE-8F9A-0918867F7ACE} = {3F626749-ADEE-4DE6-A98E-4945FBC9B573}
		{8AFAA0B6-A650-4E13-96B5-089F7F867C65} = {3F626749-ADEE-4DE6-A98E-4945FBC9B573}
		{80D2B03C-1793-4F20-A911-BFB4877078B8} = {A28E6868-DD0A-424E-8218-B1EE5A786C48}
		{A28E6868-DD0A-424E-8218-B1EE5A786C48} = {3F626749-ADEE-4DE6-A98E-4945FBC9B573}
		{9D04CCF0-350A-40A3-BE05-7567A90077EE} = {A28E6868-DD0A-424E-8218-B1EE5A786C48}
		{18EBEA62-2E4C-4DED-B99E-22230123FA19} = {A28E6868-DD0A-424E-8218-B1EE5A786C48}
		{0ADBAE73-5EB2-4581-97D2-C901B607855A} = {C73DA4BC-0C8D-4152-B3F1-631DF612D04F}
		{AEBE00D3-7D39-40B6-8CB8-804A21875A2C} = {FF271499-FFBD-4825-AA70-AD2B5DA62CD1}
	EndGlobalSection
	GlobalSection(ExtensibilityGlobals) = postSolution
		SolutionGuid = {F2E03A59-8123-41CE-9645-64573338AE21}
	EndGlobalSection
EndGlobal
