
Microsoft Visual Studio Solution File, Format Version 12.00
# Visual Studio Version 16
VisualStudioVersion = 16.0.31112.23
MinimumVisualStudioVersion = 10.0.40219.1
Project("{2150E333-8FDC-42A3-9474-1A3956D46DE8}") = "Chapter02", "Chapter02", "{3F626749-ADEE-4DE6-A98E-4945FBC9B573}"
EndProject
Project("{FAE04EC0-301F-11D3-BF4B-00C04F79EFBC}") = "DistanceConverter", "DistanceConverter\DistanceConverter.csproj", "{54FFA2B5-3D9D-4CEE-8F9A-0918867F7ACE}"
EndProject
Project("{FAE04EC0-301F-11D3-BF4B-00C04F79EFBC}") = "SalesCalculator", "SalesCalculator\SalesCalculator.csproj", "{8AFAA0B6-A650-4E13-96B5-089F7F867C65}"
EndProject
Project("{FAE04EC0-301F-11D3-BF4B-00C04F79EFBC}") = "Exercise1", "Exercise1\Exercise1.csproj", "{80D2B03C-1793-4F20-A911-BFB4877078B8}"
EndProject
Project("{2150E333-8FDC-42A3-9474-1A3956D46DE8}") = "Exercise", "Exercise", "{A28E6868-DD0A-424E-8218-B1EE5A786C48}"
EndProject
Project("{FAE04EC0-301F-11D3-BF4B-00C04F79EFBC}") = "Exercise2", "Exercise2\Exercise2.csproj", "{9D04CCF0-350A-40A3-BE05-7567A90077EE}"
EndProject
Project("{FAE04EC0-301F-11D3-BF4B-00C04F79EFBC}") = "Exercise3", "Exercise3\Exercise3.csproj", "{18EBEA62-2E4C-4DED-B99E-22230123FA19}"
EndProject
Project("{2150E333-8FDC-42A3-9474-1A3956D46DE8}") = "Chapter03", "Chapter03", "{C73DA4BC-0C8D-4152-B3F1-631DF612D04F}"
EndProject
Project("{FAE04EC0-301F-11D3-BF4B-00C04F79EFBC}") = "Section01", "Section01\Section01.csproj", "{0ADBAE73-5EB2-4581-97D2-C901B607855A}"
EndProject
Project("{FAE04EC0-301F-11D3-BF4B-00C04F79EFBC}") = "Section01", "Chapter04\Section01\Section01.csproj", "{AEBE00D3-7D39-40B6-8CB8-804A21875A2C}"
EndProject
Project("{2150E333-8FDC-42A3-9474-1A3956D46DE8}") = "Chapter04", "Chapter04", "{FF271499-FFBD-4825-AA70-AD2B5DA62CD1}"
EndProject
Project("{2150E333-8FDC-42A3-9474-1A3956D46DE8}") = "Exercise", "Exercise", "{73B94706-1A4B-4CD3-91B9-EFC489E6882C}"
EndProject
Project("{FAE04EC0-301F-11D3-BF4B-00C04F79EFBC}") = "Exercise1", "Chapter04\Exercise\Exercise1\Exercise1.csproj", "{B84C7AC3-A510-4D75-AFA4-30577A805651}"
EndProject
Project("{FAE04EC0-301F-11D3-BF4B-00C04F79EFBC}") = "Exercise2", "Chapter04\Exercise\Exercise2\Exercise2.csproj", "{2F7BA6EA-48DC-4E16-9854-BC2646C02C4E}"
EndProject
Project("{2150E333-8FDC-42A3-9474-1A3956D46DE8}") = "Chapter05", "Chapter05", "{E1D8903D-474C-4B2E-BD66-E0624A73000E}"
EndProject
Project("{FAE04EC0-301F-11D3-BF4B-00C04F79EFBC}") = "Exercise1", "Chapter05\Exercise1\Exercise1.csproj", "{ABACBD8D-8041-446F-901A-77F57B19B660}"
EndProject
Project("{FAE04EC0-301F-11D3-BF4B-00C04F79EFBC}") = "Test01", "TestProject\Test01\Test01.csproj", "{2BFACDC3-F44D-4199-8498-F5C3C4AC0335}"
EndProject
Project("{FAE04EC0-301F-11D3-BF4B-00C04F79EFBC}") = "Test02", "TestProject\Test02\Test02.csproj", "{E461C0A8-8900-485C-B520-E929BA33F712}"
EndProject
Project("{2150E333-8FDC-42A3-9474-1A3956D46DE8}") = "TestProject", "TestProject", "{628E2741-1C16-44E2-8C05-EF6AE7EBD0A8}"
EndProject
Project("{FAE04EC0-301F-11D3-BF4B-00C04F79EFBC}") = "Exercise2", "Chapter05\Exercise2\Exercise2.csproj", "{CCD05DFE-5EA7-4262-8E97-0CB20D6BDBDE}"
EndProject
Project("{FAE04EC0-301F-11D3-BF4B-00C04F79EFBC}") = "Exercise3", "Chapter05\Exercise3\Exercise3.csproj", "{95657E81-8FFE-4F2A-93D3-42EDA5466CB5}"
EndProject
Project("{2150E333-8FDC-42A3-9474-1A3956D46DE8}") = "Chapter06", "Chapter06", "{B0760C6A-046A-4A74-8320-B4DF0A70482E}"
EndProject
Project("{FAE04EC0-301F-11D3-BF4B-00C04F79EFBC}") = "Section01", "Chapter06\Section01\Section01.csproj", "{63750710-9468-4C0C-97C0-29A0B0528D22}"
EndProject
Project("{FAE04EC0-301F-11D3-BF4B-00C04F79EFBC}") = "Exercise1", "Chapter06\Exercise\Exercise1\Exercise1.csproj", "{36EC5C58-5AFA-4925-933B-9A3CF7B50E29}"
EndProject
Project("{2150E333-8FDC-42A3-9474-1A3956D46DE8}") = "Exercise", "Exercise", "{7AF363DC-9064-4448-8C12-C46936E5E774}"
EndProject
Project("{FAE04EC0-301F-11D3-BF4B-00C04F79EFBC}") = "Exercise2", "Chapter06\Exercise\Exercise2\Exercise2.csproj", "{13A0084E-2185-4319-B907-1AC1BBFA0A95}"
EndProject
Project("{2150E333-8FDC-42A3-9474-1A3956D46DE8}") = "Chapter07", "Chapter07", "{7082A364-7E82-4E73-A059-4252C76F6B8A}"
EndProject
Project("{2150E333-8FDC-42A3-9474-1A3956D46DE8}") = "Exercise", "Exercise", "{70ED0711-6FFF-4B36-866B-CB09E671E109}"
EndProject
Project("{FAE04EC0-301F-11D3-BF4B-00C04F79EFBC}") = "Exercise1", "Chapter07\Exercise\Exercise1\Exercise1.csproj", "{677C7E85-2023-4E68-B348-72D49832AA6C}"
EndProject
Project("{FAE04EC0-301F-11D3-BF4B-00C04F79EFBC}") = "Section03", "Chapter07\Section03\Section03.csproj", "{230C6D62-FE19-481A-821C-38A6A60D996F}"
EndProject
Project("{2150E333-8FDC-42A3-9474-1A3956D46DE8}") = "Chapter08", "Chapter08", "{52A4656A-F8EC-4E1D-A25F-F01E93C21056}"
EndProject
Project("{FAE04EC0-301F-11D3-BF4B-00C04F79EFBC}") = "Exercise1", "Chapter08\Exercise1\Exercise1.csproj", "{DABD8434-0D91-4255-A347-041A0740F552}"
EndProject
Project("{2150E333-8FDC-42A3-9474-1A3956D46DE8}") = "Exercise", "Exercise", "{FD40CE18-9837-4EBC-B62C-D70D038363EC}"
EndProject
Project("{FAE04EC0-301F-11D3-BF4B-00C04F79EFBC}") = "Exercise1", "Chapter08\Exercise\Exercise1\Exercise1.csproj", "{2421C1ED-4773-468B-8C43-6680B82C237F}"
EndProject
Project("{FAE04EC0-301F-11D3-BF4B-00C04F79EFBC}") = "Exercise1_2", "Chapter08\Exercise\Exercise2\Exercise1_2.csproj", "{1009081B-ADB6-44EE-BC96-2CEF4EF17E36}"
EndProject
Project("{2150E333-8FDC-42A3-9474-1A3956D46DE8}") = "CarReportSystem", "CarReportSystem", "{D564BFE1-8A25-4489-A325-5165B8EB0C1D}"
EndProject
Project("{FAE04EC0-301F-11D3-BF4B-00C04F79EFBC}") = "CarReportSystem", "CarReportSystem\CarReportSystem\CarReportSystem.csproj", "{4AE64603-F56F-4D43-890C-A0348C9394BA}"
EndProject
Project("{FAE04EC0-301F-11D3-BF4B-00C04F79EFBC}") = "Sample0823", "Sample0823\Sample0823.csproj", "{4B55FB25-C975-45CB-BF94-AEF6DCF17968}"
EndProject
Project("{FAE04EC0-301F-11D3-BF4B-00C04F79EFBC}") = "Section01", "Chapter11\Section01\Section01.csproj", "{C12381F4-D1DC-4F27-9A0E-5557065528B6}"
EndProject
Project("{2150E333-8FDC-42A3-9474-1A3956D46DE8}") = "Chapter11", "Chapter11", "{49A7C908-42F6-436C-A24E-BD9156B9F37A}"
EndProject
Project("{FAE04EC0-301F-11D3-BF4B-00C04F79EFBC}") = "Exercise1", "Chapter11\Exercise1\Exercise1.csproj", "{137263C2-8526-446F-B339-7C34B16B738C}"
EndProject
Project("{FAE04EC0-301F-11D3-BF4B-00C04F79EFBC}") = "Section02", "Chapter11\Section02\Section02.csproj", "{0039A08C-5D36-44C3-8473-C3E5534B845B}"
EndProject
Project("{2150E333-8FDC-42A3-9474-1A3956D46DE8}") = "Chapter14", "Chapter14", "{D0A9BE5C-786B-440A-8E1D-8E258E46C99A}"
EndProject
Project("{FAE04EC0-301F-11D3-BF4B-00C04F79EFBC}") = "Section04", "Chapter14\Section04\Section04.csproj", "{4B873AB6-AA6C-4E97-B896-909E28D532CE}"
EndProject
Project("{2150E333-8FDC-42A3-9474-1A3956D46DE8}") = "WeatherApp", "WeatherApp", "{D7452BCF-D953-4927-A1F4-95992A25DC89}"
EndProject
Project("{2150E333-8FDC-42A3-9474-1A3956D46DE8}") = "RssReader", "RssReader", "{3A245A9B-4094-42CE-BB53-468CE9F16A20}"
EndProject
Project("{FAE04EC0-301F-11D3-BF4B-00C04F79EFBC}") = "RssReader", "RssReader\RssReader\RssReader.csproj", "{897F7FC3-1396-48D1-8413-FBD941403ED8}"
EndProject
Project("{2150E333-8FDC-42A3-9474-1A3956D46DE8}") = "SendMail", "SendMail", "{B2C08A13-B3B9-4F66-BA61-E2EF054BDDA3}"
EndProject
Project("{FAE04EC0-301F-11D3-BF4B-00C04F79EFBC}") = "SendMail", "SendMail\SendMail\SendMail.csproj", "{5CE4A84D-5E8D-424E-909B-DBAFAEFCD663}"
EndProject
Project("{FAE04EC0-301F-11D3-BF4B-00C04F79EFBC}") = "Section04_Json", "Chapter14\Section04_Json\Section04_Json.csproj", "{E8FC7DF3-310B-4810-AD02-DCD3A20E6879}"
EndProject
Project("{FAE04EC0-301F-11D3-BF4B-00C04F79EFBC}") = "SampleEntityFramework", "EntityFramework\SampleEntityFramework\SampleEntityFramework.csproj", "{66C91C54-198A-4ACA-8068-9AD028C0A3D3}"
EndProject
Project("{2150E333-8FDC-42A3-9474-1A3956D46DE8}") = "Chapter13", "Chapter13", "{46BF49B4-9BBB-47FE-8794-50D0C8F2BE68}"
EndProject
Project("{2150E333-8FDC-42A3-9474-1A3956D46DE8}") = "ADO.NET", "ADO.NET", "{0002A192-6462-4FC0-BFC2-3E842F10701E}"
EndProject
Project("{FAE04EC0-301F-11D3-BF4B-00C04F79EFBC}") = "AddressBook", "ADO.NET\AddressBook\AddressBook.csproj", "{FA112184-AB92-4027-B81A-BEAEFCBC8A89}"
EndProject
Project("{FAE04EC0-301F-11D3-BF4B-00C04F79EFBC}") = "SampleApp", "WPF\SampleApp\SampleApp.csproj", "{9828D9A5-B482-4E59-8DC4-152987EACF52}"
EndProject
Project("{2150E333-8FDC-42A3-9474-1A3956D46DE8}") = "WPF", "WPF", "{E1B8AF51-DC96-4536-8582-F3919272C085}"
EndProject
Project("{FAE04EC0-301F-11D3-BF4B-00C04F79EFBC}") = "SampleGridApp", "WPF\SampleGridApp\SampleGridApp.csproj", "{30989B48-EA90-44CA-9EC1-A3739F8C82D1}"
EndProject
Global
	GlobalSection(SolutionConfigurationPlatforms) = preSolution
		Debug|Any CPU = Debug|Any CPU
		Release|Any CPU = Release|Any CPU
	EndGlobalSection
	GlobalSection(ProjectConfigurationPlatforms) = postSolution
		{54FFA2B5-3D9D-4CEE-8F9A-0918867F7ACE}.Debug|Any CPU.ActiveCfg = Debug|Any CPU
		{54FFA2B5-3D9D-4CEE-8F9A-0918867F7ACE}.Debug|Any CPU.Build.0 = Debug|Any CPU
		{54FFA2B5-3D9D-4CEE-8F9A-0918867F7ACE}.Release|Any CPU.ActiveCfg = Release|Any CPU
		{54FFA2B5-3D9D-4CEE-8F9A-0918867F7ACE}.Release|Any CPU.Build.0 = Release|Any CPU
		{8AFAA0B6-A650-4E13-96B5-089F7F867C65}.Debug|Any CPU.ActiveCfg = Debug|Any CPU
		{8AFAA0B6-A650-4E13-96B5-089F7F867C65}.Debug|Any CPU.Build.0 = Debug|Any CPU
		{8AFAA0B6-A650-4E13-96B5-089F7F867C65}.Release|Any CPU.ActiveCfg = Release|Any CPU
		{8AFAA0B6-A650-4E13-96B5-089F7F867C65}.Release|Any CPU.Build.0 = Release|Any CPU
		{80D2B03C-1793-4F20-A911-BFB4877078B8}.Debug|Any CPU.ActiveCfg = Debug|Any CPU
		{80D2B03C-1793-4F20-A911-BFB4877078B8}.Debug|Any CPU.Build.0 = Debug|Any CPU
		{80D2B03C-1793-4F20-A911-BFB4877078B8}.Release|Any CPU.ActiveCfg = Release|Any CPU
		{80D2B03C-1793-4F20-A911-BFB4877078B8}.Release|Any CPU.Build.0 = Release|Any CPU
		{9D04CCF0-350A-40A3-BE05-7567A90077EE}.Debug|Any CPU.ActiveCfg = Debug|Any CPU
		{9D04CCF0-350A-40A3-BE05-7567A90077EE}.Debug|Any CPU.Build.0 = Debug|Any CPU
		{9D04CCF0-350A-40A3-BE05-7567A90077EE}.Release|Any CPU.ActiveCfg = Release|Any CPU
		{9D04CCF0-350A-40A3-BE05-7567A90077EE}.Release|Any CPU.Build.0 = Release|Any CPU
		{18EBEA62-2E4C-4DED-B99E-22230123FA19}.Debug|Any CPU.ActiveCfg = Debug|Any CPU
		{18EBEA62-2E4C-4DED-B99E-22230123FA19}.Debug|Any CPU.Build.0 = Debug|Any CPU
		{18EBEA62-2E4C-4DED-B99E-22230123FA19}.Release|Any CPU.ActiveCfg = Release|Any CPU
		{18EBEA62-2E4C-4DED-B99E-22230123FA19}.Release|Any CPU.Build.0 = Release|Any CPU
		{0ADBAE73-5EB2-4581-97D2-C901B607855A}.Debug|Any CPU.ActiveCfg = Debug|Any CPU
		{0ADBAE73-5EB2-4581-97D2-C901B607855A}.Debug|Any CPU.Build.0 = Debug|Any CPU
		{0ADBAE73-5EB2-4581-97D2-C901B607855A}.Release|Any CPU.ActiveCfg = Release|Any CPU
		{0ADBAE73-5EB2-4581-97D2-C901B607855A}.Release|Any CPU.Build.0 = Release|Any CPU
		{AEBE00D3-7D39-40B6-8CB8-804A21875A2C}.Debug|Any CPU.ActiveCfg = Debug|Any CPU
		{AEBE00D3-7D39-40B6-8CB8-804A21875A2C}.Debug|Any CPU.Build.0 = Debug|Any CPU
		{AEBE00D3-7D39-40B6-8CB8-804A21875A2C}.Release|Any CPU.ActiveCfg = Release|Any CPU
		{AEBE00D3-7D39-40B6-8CB8-804A21875A2C}.Release|Any CPU.Build.0 = Release|Any CPU
		{B84C7AC3-A510-4D75-AFA4-30577A805651}.Debug|Any CPU.ActiveCfg = Debug|Any CPU
		{B84C7AC3-A510-4D75-AFA4-30577A805651}.Debug|Any CPU.Build.0 = Debug|Any CPU
		{B84C7AC3-A510-4D75-AFA4-30577A805651}.Release|Any CPU.ActiveCfg = Release|Any CPU
		{B84C7AC3-A510-4D75-AFA4-30577A805651}.Release|Any CPU.Build.0 = Release|Any CPU
		{2F7BA6EA-48DC-4E16-9854-BC2646C02C4E}.Debug|Any CPU.ActiveCfg = Debug|Any CPU
		{2F7BA6EA-48DC-4E16-9854-BC2646C02C4E}.Debug|Any CPU.Build.0 = Debug|Any CPU
		{2F7BA6EA-48DC-4E16-9854-BC2646C02C4E}.Release|Any CPU.ActiveCfg = Release|Any CPU
		{2F7BA6EA-48DC-4E16-9854-BC2646C02C4E}.Release|Any CPU.Build.0 = Release|Any CPU
		{ABACBD8D-8041-446F-901A-77F57B19B660}.Debug|Any CPU.ActiveCfg = Debug|Any CPU
		{ABACBD8D-8041-446F-901A-77F57B19B660}.Debug|Any CPU.Build.0 = Debug|Any CPU
		{ABACBD8D-8041-446F-901A-77F57B19B660}.Release|Any CPU.ActiveCfg = Release|Any CPU
		{ABACBD8D-8041-446F-901A-77F57B19B660}.Release|Any CPU.Build.0 = Release|Any CPU
		{2BFACDC3-F44D-4199-8498-F5C3C4AC0335}.Debug|Any CPU.ActiveCfg = Debug|Any CPU
		{2BFACDC3-F44D-4199-8498-F5C3C4AC0335}.Debug|Any CPU.Build.0 = Debug|Any CPU
		{2BFACDC3-F44D-4199-8498-F5C3C4AC0335}.Release|Any CPU.ActiveCfg = Release|Any CPU
		{2BFACDC3-F44D-4199-8498-F5C3C4AC0335}.Release|Any CPU.Build.0 = Release|Any CPU
		{E461C0A8-8900-485C-B520-E929BA33F712}.Debug|Any CPU.ActiveCfg = Debug|Any CPU
		{E461C0A8-8900-485C-B520-E929BA33F712}.Debug|Any CPU.Build.0 = Debug|Any CPU
		{E461C0A8-8900-485C-B520-E929BA33F712}.Release|Any CPU.ActiveCfg = Release|Any CPU
		{E461C0A8-8900-485C-B520-E929BA33F712}.Release|Any CPU.Build.0 = Release|Any CPU
		{CCD05DFE-5EA7-4262-8E97-0CB20D6BDBDE}.Debug|Any CPU.ActiveCfg = Debug|Any CPU
		{CCD05DFE-5EA7-4262-8E97-0CB20D6BDBDE}.Debug|Any CPU.Build.0 = Debug|Any CPU
		{CCD05DFE-5EA7-4262-8E97-0CB20D6BDBDE}.Release|Any CPU.ActiveCfg = Release|Any CPU
		{CCD05DFE-5EA7-4262-8E97-0CB20D6BDBDE}.Release|Any CPU.Build.0 = Release|Any CPU
		{95657E81-8FFE-4F2A-93D3-42EDA5466CB5}.Debug|Any CPU.ActiveCfg = Debug|Any CPU
		{95657E81-8FFE-4F2A-93D3-42EDA5466CB5}.Debug|Any CPU.Build.0 = Debug|Any CPU
		{95657E81-8FFE-4F2A-93D3-42EDA5466CB5}.Release|Any CPU.ActiveCfg = Release|Any CPU
		{95657E81-8FFE-4F2A-93D3-42EDA5466CB5}.Release|Any CPU.Build.0 = Release|Any CPU
		{63750710-9468-4C0C-97C0-29A0B0528D22}.Debug|Any CPU.ActiveCfg = Debug|Any CPU
		{63750710-9468-4C0C-97C0-29A0B0528D22}.Debug|Any CPU.Build.0 = Debug|Any CPU
		{63750710-9468-4C0C-97C0-29A0B0528D22}.Release|Any CPU.ActiveCfg = Release|Any CPU
		{63750710-9468-4C0C-97C0-29A0B0528D22}.Release|Any CPU.Build.0 = Release|Any CPU
		{36EC5C58-5AFA-4925-933B-9A3CF7B50E29}.Debug|Any CPU.ActiveCfg = Debug|Any CPU
		{36EC5C58-5AFA-4925-933B-9A3CF7B50E29}.Debug|Any CPU.Build.0 = Debug|Any CPU
		{36EC5C58-5AFA-4925-933B-9A3CF7B50E29}.Release|Any CPU.ActiveCfg = Release|Any CPU
		{36EC5C58-5AFA-4925-933B-9A3CF7B50E29}.Release|Any CPU.Build.0 = Release|Any CPU
		{13A0084E-2185-4319-B907-1AC1BBFA0A95}.Debug|Any CPU.ActiveCfg = Debug|Any CPU
		{13A0084E-2185-4319-B907-1AC1BBFA0A95}.Debug|Any CPU.Build.0 = Debug|Any CPU
		{13A0084E-2185-4319-B907-1AC1BBFA0A95}.Release|Any CPU.ActiveCfg = Release|Any CPU
		{13A0084E-2185-4319-B907-1AC1BBFA0A95}.Release|Any CPU.Build.0 = Release|Any CPU
		{677C7E85-2023-4E68-B348-72D49832AA6C}.Debug|Any CPU.ActiveCfg = Debug|Any CPU
		{677C7E85-2023-4E68-B348-72D49832AA6C}.Debug|Any CPU.Build.0 = Debug|Any CPU
		{677C7E85-2023-4E68-B348-72D49832AA6C}.Release|Any CPU.ActiveCfg = Release|Any CPU
		{677C7E85-2023-4E68-B348-72D49832AA6C}.Release|Any CPU.Build.0 = Release|Any CPU
		{230C6D62-FE19-481A-821C-38A6A60D996F}.Debug|Any CPU.ActiveCfg = Debug|Any CPU
		{230C6D62-FE19-481A-821C-38A6A60D996F}.Debug|Any CPU.Build.0 = Debug|Any CPU
		{230C6D62-FE19-481A-821C-38A6A60D996F}.Release|Any CPU.ActiveCfg = Release|Any CPU
		{230C6D62-FE19-481A-821C-38A6A60D996F}.Release|Any CPU.Build.0 = Release|Any CPU
		{DABD8434-0D91-4255-A347-041A0740F552}.Debug|Any CPU.ActiveCfg = Debug|Any CPU
		{DABD8434-0D91-4255-A347-041A0740F552}.Debug|Any CPU.Build.0 = Debug|Any CPU
		{DABD8434-0D91-4255-A347-041A0740F552}.Release|Any CPU.ActiveCfg = Release|Any CPU
		{DABD8434-0D91-4255-A347-041A0740F552}.Release|Any CPU.Build.0 = Release|Any CPU
		{2421C1ED-4773-468B-8C43-6680B82C237F}.Debug|Any CPU.ActiveCfg = Debug|Any CPU
		{2421C1ED-4773-468B-8C43-6680B82C237F}.Debug|Any CPU.Build.0 = Debug|Any CPU
		{2421C1ED-4773-468B-8C43-6680B82C237F}.Release|Any CPU.ActiveCfg = Release|Any CPU
		{2421C1ED-4773-468B-8C43-6680B82C237F}.Release|Any CPU.Build.0 = Release|Any CPU
		{1009081B-ADB6-44EE-BC96-2CEF4EF17E36}.Debug|Any CPU.ActiveCfg = Debug|Any CPU
		{1009081B-ADB6-44EE-BC96-2CEF4EF17E36}.Debug|Any CPU.Build.0 = Debug|Any CPU
		{1009081B-ADB6-44EE-BC96-2CEF4EF17E36}.Release|Any CPU.ActiveCfg = Release|Any CPU
		{1009081B-ADB6-44EE-BC96-2CEF4EF17E36}.Release|Any CPU.Build.0 = Release|Any CPU
		{4AE64603-F56F-4D43-890C-A0348C9394BA}.Debug|Any CPU.ActiveCfg = Debug|Any CPU
		{4AE64603-F56F-4D43-890C-A0348C9394BA}.Debug|Any CPU.Build.0 = Debug|Any CPU
		{4AE64603-F56F-4D43-890C-A0348C9394BA}.Release|Any CPU.ActiveCfg = Release|Any CPU
		{4AE64603-F56F-4D43-890C-A0348C9394BA}.Release|Any CPU.Build.0 = Release|Any CPU
		{4B55FB25-C975-45CB-BF94-AEF6DCF17968}.Debug|Any CPU.ActiveCfg = Debug|Any CPU
		{4B55FB25-C975-45CB-BF94-AEF6DCF17968}.Debug|Any CPU.Build.0 = Debug|Any CPU
		{4B55FB25-C975-45CB-BF94-AEF6DCF17968}.Release|Any CPU.ActiveCfg = Release|Any CPU
		{4B55FB25-C975-45CB-BF94-AEF6DCF17968}.Release|Any CPU.Build.0 = Release|Any CPU
		{C12381F4-D1DC-4F27-9A0E-5557065528B6}.Debug|Any CPU.ActiveCfg = Debug|Any CPU
		{C12381F4-D1DC-4F27-9A0E-5557065528B6}.Debug|Any CPU.Build.0 = Debug|Any CPU
		{C12381F4-D1DC-4F27-9A0E-5557065528B6}.Release|Any CPU.ActiveCfg = Release|Any CPU
		{C12381F4-D1DC-4F27-9A0E-5557065528B6}.Release|Any CPU.Build.0 = Release|Any CPU
		{137263C2-8526-446F-B339-7C34B16B738C}.Debug|Any CPU.ActiveCfg = Debug|Any CPU
		{137263C2-8526-446F-B339-7C34B16B738C}.Debug|Any CPU.Build.0 = Debug|Any CPU
		{137263C2-8526-446F-B339-7C34B16B738C}.Release|Any CPU.ActiveCfg = Release|Any CPU
		{137263C2-8526-446F-B339-7C34B16B738C}.Release|Any CPU.Build.0 = Release|Any CPU
		{0039A08C-5D36-44C3-8473-C3E5534B845B}.Debug|Any CPU.ActiveCfg = Debug|Any CPU
		{0039A08C-5D36-44C3-8473-C3E5534B845B}.Debug|Any CPU.Build.0 = Debug|Any CPU
		{0039A08C-5D36-44C3-8473-C3E5534B845B}.Release|Any CPU.ActiveCfg = Release|Any CPU
		{0039A08C-5D36-44C3-8473-C3E5534B845B}.Release|Any CPU.Build.0 = Release|Any CPU
		{4B873AB6-AA6C-4E97-B896-909E28D532CE}.Debug|Any CPU.ActiveCfg = Debug|Any CPU
		{4B873AB6-AA6C-4E97-B896-909E28D532CE}.Debug|Any CPU.Build.0 = Debug|Any CPU
		{4B873AB6-AA6C-4E97-B896-909E28D532CE}.Release|Any CPU.ActiveCfg = Release|Any CPU
		{4B873AB6-AA6C-4E97-B896-909E28D532CE}.Release|Any CPU.Build.0 = Release|Any CPU
		{897F7FC3-1396-48D1-8413-FBD941403ED8}.Debug|Any CPU.ActiveCfg = Debug|Any CPU
		{897F7FC3-1396-48D1-8413-FBD941403ED8}.Debug|Any CPU.Build.0 = Debug|Any CPU
		{897F7FC3-1396-48D1-8413-FBD941403ED8}.Release|Any CPU.ActiveCfg = Release|Any CPU
		{897F7FC3-1396-48D1-8413-FBD941403ED8}.Release|Any CPU.Build.0 = Release|Any CPU
		{5CE4A84D-5E8D-424E-909B-DBAFAEFCD663}.Debug|Any CPU.ActiveCfg = Debug|Any CPU
		{5CE4A84D-5E8D-424E-909B-DBAFAEFCD663}.Debug|Any CPU.Build.0 = Debug|Any CPU
		{5CE4A84D-5E8D-424E-909B-DBAFAEFCD663}.Release|Any CPU.ActiveCfg = Release|Any CPU
		{5CE4A84D-5E8D-424E-909B-DBAFAEFCD663}.Release|Any CPU.Build.0 = Release|Any CPU
		{E8FC7DF3-310B-4810-AD02-DCD3A20E6879}.Debug|Any CPU.ActiveCfg = Debug|Any CPU
		{E8FC7DF3-310B-4810-AD02-DCD3A20E6879}.Debug|Any CPU.Build.0 = Debug|Any CPU
		{E8FC7DF3-310B-4810-AD02-DCD3A20E6879}.Release|Any CPU.ActiveCfg = Release|Any CPU
		{E8FC7DF3-310B-4810-AD02-DCD3A20E6879}.Release|Any CPU.Build.0 = Release|Any CPU
		{66C91C54-198A-4ACA-8068-9AD028C0A3D3}.Debug|Any CPU.ActiveCfg = Debug|Any CPU
		{66C91C54-198A-4ACA-8068-9AD028C0A3D3}.Debug|Any CPU.Build.0 = Debug|Any CPU
		{66C91C54-198A-4ACA-8068-9AD028C0A3D3}.Release|Any CPU.ActiveCfg = Release|Any CPU
		{66C91C54-198A-4ACA-8068-9AD028C0A3D3}.Release|Any CPU.Build.0 = Release|Any CPU
		{FA112184-AB92-4027-B81A-BEAEFCBC8A89}.Debug|Any CPU.ActiveCfg = Debug|Any CPU
		{FA112184-AB92-4027-B81A-BEAEFCBC8A89}.Debug|Any CPU.Build.0 = Debug|Any CPU
		{FA112184-AB92-4027-B81A-BEAEFCBC8A89}.Release|Any CPU.ActiveCfg = Release|Any CPU
		{FA112184-AB92-4027-B81A-BEAEFCBC8A89}.Release|Any CPU.Build.0 = Release|Any CPU
		{9828D9A5-B482-4E59-8DC4-152987EACF52}.Debug|Any CPU.ActiveCfg = Debug|Any CPU
		{9828D9A5-B482-4E59-8DC4-152987EACF52}.Debug|Any CPU.Build.0 = Debug|Any CPU
		{9828D9A5-B482-4E59-8DC4-152987EACF52}.Release|Any CPU.ActiveCfg = Release|Any CPU
		{9828D9A5-B482-4E59-8DC4-152987EACF52}.Release|Any CPU.Build.0 = Release|Any CPU
		{30989B48-EA90-44CA-9EC1-A3739F8C82D1}.Debug|Any CPU.ActiveCfg = Debug|Any CPU
		{30989B48-EA90-44CA-9EC1-A3739F8C82D1}.Debug|Any CPU.Build.0 = Debug|Any CPU
		{30989B48-EA90-44CA-9EC1-A3739F8C82D1}.Release|Any CPU.ActiveCfg = Release|Any CPU
		{30989B48-EA90-44CA-9EC1-A3739F8C82D1}.Release|Any CPU.Build.0 = Release|Any CPU
	EndGlobalSection
	GlobalSection(SolutionProperties) = preSolution
		HideSolutionNode = FALSE
	EndGlobalSection
	GlobalSection(NestedProjects) = preSolution
		{54FFA2B5-3D9D-4CEE-8F9A-0918867F7ACE} = {3F626749-ADEE-4DE6-A98E-4945FBC9B573}
		{8AFAA0B6-A650-4E13-96B5-089F7F867C65} = {3F626749-ADEE-4DE6-A98E-4945FBC9B573}
		{80D2B03C-1793-4F20-A911-BFB4877078B8} = {A28E6868-DD0A-424E-8218-B1EE5A786C48}
		{A28E6868-DD0A-424E-8218-B1EE5A786C48} = {3F626749-ADEE-4DE6-A98E-4945FBC9B573}
		{9D04CCF0-350A-40A3-BE05-7567A90077EE} = {A28E6868-DD0A-424E-8218-B1EE5A786C48}
		{18EBEA62-2E4C-4DED-B99E-22230123FA19} = {A28E6868-DD0A-424E-8218-B1EE5A786C48}
		{0ADBAE73-5EB2-4581-97D2-C901B607855A} = {C73DA4BC-0C8D-4152-B3F1-631DF612D04F}
		{AEBE00D3-7D39-40B6-8CB8-804A21875A2C} = {FF271499-FFBD-4825-AA70-AD2B5DA62CD1}
		{73B94706-1A4B-4CD3-91B9-EFC489E6882C} = {FF271499-FFBD-4825-AA70-AD2B5DA62CD1}
		{B84C7AC3-A510-4D75-AFA4-30577A805651} = {73B94706-1A4B-4CD3-91B9-EFC489E6882C}
		{2F7BA6EA-48DC-4E16-9854-BC2646C02C4E} = {73B94706-1A4B-4CD3-91B9-EFC489E6882C}
		{ABACBD8D-8041-446F-901A-77F57B19B660} = {E1D8903D-474C-4B2E-BD66-E0624A73000E}
		{2BFACDC3-F44D-4199-8498-F5C3C4AC0335} = {628E2741-1C16-44E2-8C05-EF6AE7EBD0A8}
		{E461C0A8-8900-485C-B520-E929BA33F712} = {628E2741-1C16-44E2-8C05-EF6AE7EBD0A8}
		{CCD05DFE-5EA7-4262-8E97-0CB20D6BDBDE} = {E1D8903D-474C-4B2E-BD66-E0624A73000E}
		{95657E81-8FFE-4F2A-93D3-42EDA5466CB5} = {E1D8903D-474C-4B2E-BD66-E0624A73000E}
		{63750710-9468-4C0C-97C0-29A0B0528D22} = {B0760C6A-046A-4A74-8320-B4DF0A70482E}
		{36EC5C58-5AFA-4925-933B-9A3CF7B50E29} = {7AF363DC-9064-4448-8C12-C46936E5E774}
		{7AF363DC-9064-4448-8C12-C46936E5E774} = {B0760C6A-046A-4A74-8320-B4DF0A70482E}
		{13A0084E-2185-4319-B907-1AC1BBFA0A95} = {7AF363DC-9064-4448-8C12-C46936E5E774}
		{70ED0711-6FFF-4B36-866B-CB09E671E109} = {7082A364-7E82-4E73-A059-4252C76F6B8A}
		{677C7E85-2023-4E68-B348-72D49832AA6C} = {70ED0711-6FFF-4B36-866B-CB09E671E109}
		{230C6D62-FE19-481A-821C-38A6A60D996F} = {7082A364-7E82-4E73-A059-4252C76F6B8A}
		{DABD8434-0D91-4255-A347-041A0740F552} = {52A4656A-F8EC-4E1D-A25F-F01E93C21056}
		{FD40CE18-9837-4EBC-B62C-D70D038363EC} = {52A4656A-F8EC-4E1D-A25F-F01E93C21056}
		{2421C1ED-4773-468B-8C43-6680B82C237F} = {FD40CE18-9837-4EBC-B62C-D70D038363EC}
		{1009081B-ADB6-44EE-BC96-2CEF4EF17E36} = {FD40CE18-9837-4EBC-B62C-D70D038363EC}
		{4AE64603-F56F-4D43-890C-A0348C9394BA} = {D564BFE1-8A25-4489-A325-5165B8EB0C1D}
		{C12381F4-D1DC-4F27-9A0E-5557065528B6} = {49A7C908-42F6-436C-A24E-BD9156B9F37A}
		{137263C2-8526-446F-B339-7C34B16B738C} = {49A7C908-42F6-436C-A24E-BD9156B9F37A}
		{0039A08C-5D36-44C3-8473-C3E5534B845B} = {49A7C908-42F6-436C-A24E-BD9156B9F37A}
		{4B873AB6-AA6C-4E97-B896-909E28D532CE} = {D0A9BE5C-786B-440A-8E1D-8E258E46C99A}
		{897F7FC3-1396-48D1-8413-FBD941403ED8} = {3A245A9B-4094-42CE-BB53-468CE9F16A20}
		{5CE4A84D-5E8D-424E-909B-DBAFAEFCD663} = {B2C08A13-B3B9-4F66-BA61-E2EF054BDDA3}
		{E8FC7DF3-310B-4810-AD02-DCD3A20E6879} = {D0A9BE5C-786B-440A-8E1D-8E258E46C99A}
		{66C91C54-198A-4ACA-8068-9AD028C0A3D3} = {46BF49B4-9BBB-47FE-8794-50D0C8F2BE68}
		{FA112184-AB92-4027-B81A-BEAEFCBC8A89} = {0002A192-6462-4FC0-BFC2-3E842F10701E}
		{9828D9A5-B482-4E59-8DC4-152987EACF52} = {E1B8AF51-DC96-4536-8582-F3919272C085}
		{30989B48-EA90-44CA-9EC1-A3739F8C82D1} = {E1B8AF51-DC96-4536-8582-F3919272C085}
	EndGlobalSection
	GlobalSection(ExtensibilityGlobals) = postSolution
		SolutionGuid = {F2E03A59-8123-41CE-9645-64573338AE21}
	EndGlobalSection
EndGlobal
